
Microsoft Visual Studio Solution File, Format Version 12.00
# Visual Studio Version 17
VisualStudioVersion = 17.5.002.0
MinimumVisualStudioVersion = 10.0.40219.1
Project("{9A19103F-16F7-4668-BE54-9A1E7A4F7556}") = "Seminar_6_recursion_HW", "Seminar_6_recursion_HW.csproj", "{A7D9CB5A-4032-4D1A-9D99-2735757029D2}"
EndProject
Global
	GlobalSection(SolutionConfigurationPlatforms) = preSolution
		Debug|Any CPU = Debug|Any CPU
		Release|Any CPU = Release|Any CPU
	EndGlobalSection
	GlobalSection(ProjectConfigurationPlatforms) = postSolution
		{A7D9CB5A-4032-4D1A-9D99-2735757029D2}.Debug|Any CPU.ActiveCfg = Debug|Any CPU
		{A7D9CB5A-4032-4D1A-9D99-2735757029D2}.Debug|Any CPU.Build.0 = Debug|Any CPU
		{A7D9CB5A-4032-4D1A-9D99-2735757029D2}.Release|Any CPU.ActiveCfg = Release|Any CPU
		{A7D9CB5A-4032-4D1A-9D99-2735757029D2}.Release|Any CPU.Build.0 = Release|Any CPU
	EndGlobalSection
	GlobalSection(SolutionProperties) = preSolution
		HideSolutionNode = FALSE
	EndGlobalSection
	GlobalSection(ExtensibilityGlobals) = postSolution
		SolutionGuid = {D86D8B18-DCF6-44EC-940F-E2E41F42211D}
	EndGlobalSection
EndGlobal
